
Microsoft Visual Studio Solution File, Format Version 12.00
# Visual Studio 2013
VisualStudioVersion = 12.0.30501.0
MinimumVisualStudioVersion = 10.0.40219.1
Project("{FAE04EC0-301F-11D3-BF4B-00C04F79EFBC}") = "aws-play", "aws-play\aws-play.csproj", "{BBD993F5-BC0C-466D-A48E-D6C30AED9E62}"
EndProject
Project("{FAE04EC0-301F-11D3-BF4B-00C04F79EFBC}") = "Tests", "Tests\Tests.csproj", "{47C1961A-FD27-4F1A-86B2-B3E528AD9E7E}"
EndProject
Global
	GlobalSection(SolutionConfigurationPlatforms) = preSolution
		Debug|Any CPU = Debug|Any CPU
		Release|Any CPU = Release|Any CPU
	EndGlobalSection
	GlobalSection(ProjectConfigurationPlatforms) = postSolution
		{BBD993F5-BC0C-466D-A48E-D6C30AED9E62}.Debug|Any CPU.ActiveCfg = Debug|Any CPU
		{BBD993F5-BC0C-466D-A48E-D6C30AED9E62}.Debug|Any CPU.Build.0 = Debug|Any CPU
		{BBD993F5-BC0C-466D-A48E-D6C30AED9E62}.Release|Any CPU.ActiveCfg = Release|Any CPU
		{BBD993F5-BC0C-466D-A48E-D6C30AED9E62}.Release|Any CPU.Build.0 = Release|Any CPU
		{47C1961A-FD27-4F1A-86B2-B3E528AD9E7E}.Debug|Any CPU.ActiveCfg = Debug|Any CPU
		{47C1961A-FD27-4F1A-86B2-B3E528AD9E7E}.Debug|Any CPU.Build.0 = Debug|Any CPU
		{47C1961A-FD27-4F1A-86B2-B3E528AD9E7E}.Release|Any CPU.ActiveCfg = Release|Any CPU
		{47C1961A-FD27-4F1A-86B2-B3E528AD9E7E}.Release|Any CPU.Build.0 = Release|Any CPU
	EndGlobalSection
	GlobalSection(SolutionProperties) = preSolution
		HideSolutionNode = FALSE
	EndGlobalSection
EndGlobal
